// !$*UTF8*$!
{
	archiveVersion = 1;
	classes = {
	};
	objectVersion = 55;
	objects = {

/* Begin PBXBuildFile section */
		3D9FDB1D284F8329008E020F /* firestore_demoApp.swift in Sources */ = {isa = PBXBuildFile; fileRef = 3D9FDB1C284F8329008E020F /* firestore_demoApp.swift */; };
		3D9FDB1F284F8329008E020F /* ContentView.swift in Sources */ = {isa = PBXBuildFile; fileRef = 3D9FDB1E284F8329008E020F /* ContentView.swift */; };
		3D9FDB21284F832B008E020F /* Assets.xcassets in Resources */ = {isa = PBXBuildFile; fileRef = 3D9FDB20284F832B008E020F /* Assets.xcassets */; };
		3D9FDB24284F832B008E020F /* Preview Assets.xcassets in Resources */ = {isa = PBXBuildFile; fileRef = 3D9FDB23284F832B008E020F /* Preview Assets.xcassets */; };
		3D9FDB2B284F842E008E020F /* GoogleService-Info.plist in Resources */ = {isa = PBXBuildFile; fileRef = 3D9FDB2A284F842E008E020F /* GoogleService-Info.plist */; };
		3D9FDB2E284F8580008E020F /* FirebaseFirestore in Frameworks */ = {isa = PBXBuildFile; productRef = 3D9FDB2D284F8580008E020F /* FirebaseFirestore */; };
		3D9FDB30284F8930008E020F /* ViewModel.swift in Sources */ = {isa = PBXBuildFile; fileRef = 3D9FDB2F284F8930008E020F /* ViewModel.swift */; };
		3D9FDB35284F8AB4008E020F /* Todo.swift in Sources */ = {isa = PBXBuildFile; fileRef = 3D9FDB34284F8AB4008E020F /* Todo.swift */; };
/* End PBXBuildFile section */

/* Begin PBXFileReference section */
		3D9FDB19284F8329008E020F /* firestore-demo.app */ = {isa = PBXFileReference; explicitFileType = wrapper.application; includeInIndex = 0; path = "firestore-demo.app"; sourceTree = BUILT_PRODUCTS_DIR; };
		3D9FDB1C284F8329008E020F /* firestore_demoApp.swift */ = {isa = PBXFileReference; lastKnownFileType = sourcecode.swift; path = firestore_demoApp.swift; sourceTree = "<group>"; };
		3D9FDB1E284F8329008E020F /* ContentView.swift */ = {isa = PBXFileReference; lastKnownFileType = sourcecode.swift; path = ContentView.swift; sourceTree = "<group>"; };
		3D9FDB20284F832B008E020F /* Assets.xcassets */ = {isa = PBXFileReference; lastKnownFileType = folder.assetcatalog; path = Assets.xcassets; sourceTree = "<group>"; };
		3D9FDB23284F832B008E020F /* Preview Assets.xcassets */ = {isa = PBXFileReference; lastKnownFileType = folder.assetcatalog; path = "Preview Assets.xcassets"; sourceTree = "<group>"; };
		3D9FDB2A284F842E008E020F /* GoogleService-Info.plist */ = {isa = PBXFileReference; fileEncoding = 4; lastKnownFileType = text.plist.xml; path = "GoogleService-Info.plist"; sourceTree = "<group>"; };
		3D9FDB2F284F8930008E020F /* ViewModel.swift */ = {isa = PBXFileReference; lastKnownFileType = sourcecode.swift; path = ViewModel.swift; sourceTree = "<group>"; };
		3D9FDB34284F8AB4008E020F /* Todo.swift */ = {isa = PBXFileReference; lastKnownFileType = sourcecode.swift; path = Todo.swift; sourceTree = "<group>"; };
/* End PBXFileReference section */

/* Begin PBXFrameworksBuildPhase section */
		3D9FDB16284F8329008E020F /* Frameworks */ = {
			isa = PBXFrameworksBuildPhase;
			buildActionMask = 2147483647;
			files = (
				3D9FDB2E284F8580008E020F /* FirebaseFirestore in Frameworks */,
			);
			runOnlyForDeploymentPostprocessing = 0;
		};
/* End PBXFrameworksBuildPhase section */

/* Begin PBXGroup section */
		3D9FDB10284F8329008E020F = {
			isa = PBXGroup;
			children = (
				3D9FDB1B284F8329008E020F /* firestore-demo */,
				3D9FDB1A284F8329008E020F /* Products */,
			);
			sourceTree = "<group>";
		};
		3D9FDB1A284F8329008E020F /* Products */ = {
			isa = PBXGroup;
			children = (
				3D9FDB19284F8329008E020F /* firestore-demo.app */,
			);
			name = Products;
			sourceTree = "<group>";
		};
		3D9FDB1B284F8329008E020F /* firestore-demo */ = {
			isa = PBXGroup;
			children = (
				3D9FDB1C284F8329008E020F /* firestore_demoApp.swift */,
				3D9FDB33284F8A5C008E020F /* Models */,
				3D9FDB31284F8940008E020F /* Views */,
				3D9FDB32284F894A008E020F /* ViewModels */,
				3D9FDB20284F832B008E020F /* Assets.xcassets */,
				3D9FDB2A284F842E008E020F /* GoogleService-Info.plist */,
				3D9FDB22284F832B008E020F /* Preview Content */,
			);
			path = "firestore-demo";
			sourceTree = "<group>";
		};
		3D9FDB22284F832B008E020F /* Preview Content */ = {
			isa = PBXGroup;
			children = (
				3D9FDB23284F832B008E020F /* Preview Assets.xcassets */,
			);
			path = "Preview Content";
			sourceTree = "<group>";
		};
		3D9FDB31284F8940008E020F /* Views */ = {
			isa = PBXGroup;
			children = (
				3D9FDB1E284F8329008E020F /* ContentView.swift */,
			);
			path = Views;
			sourceTree = "<group>";
		};
		3D9FDB32284F894A008E020F /* ViewModels */ = {
			isa = PBXGroup;
			children = (
				3D9FDB2F284F8930008E020F /* ViewModel.swift */,
			);
			name = ViewModels;
			path = Views;
			sourceTree = "<group>";
		};
		3D9FDB33284F8A5C008E020F /* Models */ = {
			isa = PBXGroup;
			children = (
				3D9FDB34284F8AB4008E020F /* Todo.swift */,
			);
			path = Models;
			sourceTree = "<group>";
		};
/* End PBXGroup section */

/* Begin PBXNativeTarget section */
		3D9FDB18284F8329008E020F /* firestore-demo */ = {
			isa = PBXNativeTarget;
			buildConfigurationList = 3D9FDB27284F832B008E020F /* Build configuration list for PBXNativeTarget "firestore-demo" */;
			buildPhases = (
				3D9FDB15284F8329008E020F /* Sources */,
				3D9FDB16284F8329008E020F /* Frameworks */,
				3D9FDB17284F8329008E020F /* Resources */,
			);
			buildRules = (
			);
			dependencies = (
			);
			name = "firestore-demo";
			packageProductDependencies = (
				3D9FDB2D284F8580008E020F /* FirebaseFirestore */,
			);
			productName = "firestore-demo";
			productReference = 3D9FDB19284F8329008E020F /* firestore-demo.app */;
			productType = "com.apple.product-type.application";
		};
/* End PBXNativeTarget section */

/* Begin PBXProject section */
		3D9FDB11284F8329008E020F /* Project object */ = {
			isa = PBXProject;
			attributes = {
				BuildIndependentTargetsInParallel = 1;
				LastSwiftUpdateCheck = 1340;
				LastUpgradeCheck = 1340;
				TargetAttributes = {
					3D9FDB18284F8329008E020F = {
						CreatedOnToolsVersion = 13.4;
					};
				};
			};
			buildConfigurationList = 3D9FDB14284F8329008E020F /* Build configuration list for PBXProject "firestore-demo" */;
			compatibilityVersion = "Xcode 13.0";
			developmentRegion = en;
			hasScannedForEncodings = 0;
			knownRegions = (
				en,
				Base,
			);
			mainGroup = 3D9FDB10284F8329008E020F;
			packageReferences = (
				3D9FDB2C284F8580008E020F /* XCRemoteSwiftPackageReference "firebase-ios-sdk" */,
			);
			productRefGroup = 3D9FDB1A284F8329008E020F /* Products */;
			projectDirPath = "";
			projectRoot = "";
			targets = (
				3D9FDB18284F8329008E020F /* firestore-demo */,
			);
		};
/* End PBXProject section */

/* Begin PBXResourcesBuildPhase section */
		3D9FDB17284F8329008E020F /* Resources */ = {
			isa = PBXResourcesBuildPhase;
			buildActionMask = 2147483647;
			files = (
				3D9FDB24284F832B008E020F /* Preview Assets.xcassets in Resources */,
				3D9FDB21284F832B008E020F /* Assets.xcassets in Resources */,
				3D9FDB2B284F842E008E020F /* GoogleService-Info.plist in Resources */,
			);
			runOnlyForDeploymentPostprocessing = 0;
		};
/* End PBXResourcesBuildPhase section */

/* Begin PBXSourcesBuildPhase section */
		3D9FDB15284F8329008E020F /* Sources */ = {
			isa = PBXSourcesBuildPhase;
			buildActionMask = 2147483647;
			files = (
				3D9FDB1F284F8329008E020F /* ContentView.swift in Sources */,
				3D9FDB30284F8930008E020F /* ViewModel.swift in Sources */,
				3D9FDB1D284F8329008E020F /* firestore_demoApp.swift in Sources */,
				3D9FDB35284F8AB4008E020F /* Todo.swift in Sources */,
			);
			runOnlyForDeploymentPostprocessing = 0;
		};
/* End PBXSourcesBuildPhase section */

/* Begin XCBuildConfiguration section */
		3D9FDB25284F832B008E020F /* Debug */ = {
			isa = XCBuildConfiguration;
			buildSettings = {
				ALWAYS_SEARCH_USER_PATHS = NO;
				CLANG_ANALYZER_NONNULL = YES;
				CLANG_ANALYZER_NUMBER_OBJECT_CONVERSION = YES_AGGRESSIVE;
				CLANG_CXX_LANGUAGE_STANDARD = "gnu++17";
				CLANG_ENABLE_MODULES = YES;
				CLANG_ENABLE_OBJC_ARC = YES;
				CLANG_ENABLE_OBJC_WEAK = YES;
				CLANG_WARN_BLOCK_CAPTURE_AUTORELEASING = YES;
				CLANG_WARN_BOOL_CONVERSION = YES;
				CLANG_WARN_COMMA = YES;
				CLANG_WARN_CONSTANT_CONVERSION = YES;
				CLANG_WARN_DEPRECATED_OBJC_IMPLEMENTATIONS = YES;
				CLANG_WARN_DIRECT_OBJC_ISA_USAGE = YES_ERROR;
				CLANG_WARN_DOCUMENTATION_COMMENTS = YES;
				CLANG_WARN_EMPTY_BODY = YES;
				CLANG_WARN_ENUM_CONVERSION = YES;
				CLANG_WARN_INFINITE_RECURSION = YES;
				CLANG_WARN_INT_CONVERSION = YES;
				CLANG_WARN_NON_LITERAL_NULL_CONVERSION = YES;
				CLANG_WARN_OBJC_IMPLICIT_RETAIN_SELF = YES;
				CLANG_WARN_OBJC_LITERAL_CONVERSION = YES;
				CLANG_WARN_OBJC_ROOT_CLASS = YES_ERROR;
				CLANG_WARN_QUOTED_INCLUDE_IN_FRAMEWORK_HEADER = YES;
				CLANG_WARN_RANGE_LOOP_ANALYSIS = YES;
				CLANG_WARN_STRICT_PROTOTYPES = YES;
				CLANG_WARN_SUSPICIOUS_MOVE = YES;
				CLANG_WARN_UNGUARDED_AVAILABILITY = YES_AGGRESSIVE;
				CLANG_WARN_UNREACHABLE_CODE = YES;
				CLANG_WARN__DUPLICATE_METHOD_MATCH = YES;
				COPY_PHASE_STRIP = NO;
				DEBUG_INFORMATION_FORMAT = dwarf;
				ENABLE_STRICT_OBJC_MSGSEND = YES;
				ENABLE_TESTABILITY = YES;
				GCC_C_LANGUAGE_STANDARD = gnu11;
				GCC_DYNAMIC_NO_PIC = NO;
				GCC_NO_COMMON_BLOCKS = YES;
				GCC_OPTIMIZATION_LEVEL = 0;
				GCC_PREPROCESSOR_DEFINITIONS = (
					"DEBUG=1",
					"$(inherited)",
				);
				GCC_WARN_64_TO_32_BIT_CONVERSION = YES;
				GCC_WARN_ABOUT_RETURN_TYPE = YES_ERROR;
				GCC_WARN_UNDECLARED_SELECTOR = YES;
				GCC_WARN_UNINITIALIZED_AUTOS = YES_AGGRESSIVE;
				GCC_WARN_UNUSED_FUNCTION = YES;
				GCC_WARN_UNUSED_VARIABLE = YES;
				IPHONEOS_DEPLOYMENT_TARGET = 15.5;
				MTL_ENABLE_DEBUG_INFO = INCLUDE_SOURCE;
				MTL_FAST_MATH = YES;
				ONLY_ACTIVE_ARCH = YES;
				SDKROOT = iphoneos;
				SWIFT_ACTIVE_COMPILATION_CONDITIONS = DEBUG;
				SWIFT_OPTIMIZATION_LEVEL = "-Onone";
			};
			name = Debug;
		};
		3D9FDB26284F832B008E020F /* Release */ = {
			isa = XCBuildConfiguration;
			buildSettings = {
				ALWAYS_SEARCH_USER_PATHS = NO;
				CLANG_ANALYZER_NONNULL = YES;
				CLANG_ANALYZER_NUMBER_OBJECT_CONVERSION = YES_AGGRESSIVE;
				CLANG_CXX_LANGUAGE_STANDARD = "gnu++17";
				CLANG_ENABLE_MODULES = YES;
				CLANG_ENABLE_OBJC_ARC = YES;
				CLANG_ENABLE_OBJC_WEAK = YES;
				CLANG_WARN_BLOCK_CAPTURE_AUTORELEASING = YES;
				CLANG_WARN_BOOL_CONVERSION = YES;
				CLANG_WARN_COMMA = YES;
				CLANG_WARN_CONSTANT_CONVERSION = YES;
				CLANG_WARN_DEPRECATED_OBJC_IMPLEMENTATIONS = YES;
				CLANG_WARN_DIRECT_OBJC_ISA_USAGE = YES_ERROR;
				CLANG_WARN_DOCUMENTATION_COMMENTS = YES;
				CLANG_WARN_EMPTY_BODY = YES;
				CLANG_WARN_ENUM_CONVERSION = YES;
				CLANG_WARN_INFINITE_RECURSION = YES;
				CLANG_WARN_INT_CONVERSION = YES;
				CLANG_WARN_NON_LITERAL_NULL_CONVERSION = YES;
				CLANG_WARN_OBJC_IMPLICIT_RETAIN_SELF = YES;
				CLANG_WARN_OBJC_LITERAL_CONVERSION = YES;
				CLANG_WARN_OBJC_ROOT_CLASS = YES_ERROR;
				CLANG_WARN_QUOTED_INCLUDE_IN_FRAMEWORK_HEADER = YES;
				CLANG_WARN_RANGE_LOOP_ANALYSIS = YES;
				CLANG_WARN_STRICT_PROTOTYPES = YES;
				CLANG_WARN_SUSPICIOUS_MOVE = YES;
				CLANG_WARN_UNGUARDED_AVAILABILITY = YES_AGGRESSIVE;
				CLANG_WARN_UNREACHABLE_CODE = YES;
				CLANG_WARN__DUPLICATE_METHOD_MATCH = YES;
				COPY_PHASE_STRIP = NO;
				DEBUG_INFORMATION_FORMAT = "dwarf-with-dsym";
				ENABLE_NS_ASSERTIONS = NO;
				ENABLE_STRICT_OBJC_MSGSEND = YES;
				GCC_C_LANGUAGE_STANDARD = gnu11;
				GCC_NO_COMMON_BLOCKS = YES;
				GCC_WARN_64_TO_32_BIT_CONVERSION = YES;
				GCC_WARN_ABOUT_RETURN_TYPE = YES_ERROR;
				GCC_WARN_UNDECLARED_SELECTOR = YES;
				GCC_WARN_UNINITIALIZED_AUTOS = YES_AGGRESSIVE;
				GCC_WARN_UNUSED_FUNCTION = YES;
				GCC_WARN_UNUSED_VARIABLE = YES;
				IPHONEOS_DEPLOYMENT_TARGET = 15.5;
				MTL_ENABLE_DEBUG_INFO = NO;
				MTL_FAST_MATH = YES;
				SDKROOT = iphoneos;
				SWIFT_COMPILATION_MODE = wholemodule;
				SWIFT_OPTIMIZATION_LEVEL = "-O";
				VALIDATE_PRODUCT = YES;
			};
			name = Release;
		};
		3D9FDB28284F832B008E020F /* Debug */ = {
			isa = XCBuildConfiguration;
			buildSettings = {
				ASSETCATALOG_COMPILER_APPICON_NAME = AppIcon;
				ASSETCATALOG_COMPILER_GLOBAL_ACCENT_COLOR_NAME = AccentColor;
				CODE_SIGN_STYLE = Automatic;
				CURRENT_PROJECT_VERSION = 1;
				DEVELOPMENT_ASSET_PATHS = "\"firestore-demo/Preview Content\"";
				DEVELOPMENT_TEAM = XYP4CK6HFK;
				ENABLE_PREVIEWS = YES;
				GENERATE_INFOPLIST_FILE = YES;
				INFOPLIST_KEY_UIApplicationSceneManifest_Generation = YES;
				INFOPLIST_KEY_UIApplicationSupportsIndirectInputEvents = YES;
				INFOPLIST_KEY_UILaunchScreen_Generation = YES;
				INFOPLIST_KEY_UISupportedInterfaceOrientations_iPad = "UIInterfaceOrientationPortrait UIInterfaceOrientationPortraitUpsideDown UIInterfaceOrientationLandscapeLeft UIInterfaceOrientationLandscapeRight";
				INFOPLIST_KEY_UISupportedInterfaceOrientations_iPhone = "UIInterfaceOrientationPortrait UIInterfaceOrientationLandscapeLeft UIInterfaceOrientationLandscapeRight";
				LD_RUNPATH_SEARCH_PATHS = (
					"$(inherited)",
					"@executable_path/Frameworks",
				);
				MARKETING_VERSION = 1.0;
				PRODUCT_BUNDLE_IDENTIFIER = "seungwon.firestore-demo";
				PRODUCT_NAME = "$(TARGET_NAME)";
				SWIFT_EMIT_LOC_STRINGS = YES;
				SWIFT_VERSION = 5.0;
				TARGETED_DEVICE_FAMILY = "1,2";
			};
			name = Debug;
		};
		3D9FDB29284F832B008E020F /* Release */ = {
			isa = XCBuildConfiguration;
			buildSettings = {
				ASSETCATALOG_COMPILER_APPICON_NAME = AppIcon;
				ASSETCATALOG_COMPILER_GLOBAL_ACCENT_COLOR_NAME = AccentColor;
				CODE_SIGN_STYLE = Automatic;
				CURRENT_PROJECT_VERSION = 1;
				DEVELOPMENT_ASSET_PATHS = "\"firestore-demo/Preview Content\"";
				DEVELOPMENT_TEAM = XYP4CK6HFK;
				ENABLE_PREVIEWS = YES;
				GENERATE_INFOPLIST_FILE = YES;
				INFOPLIST_KEY_UIApplicationSceneManifest_Generation = YES;
				INFOPLIST_KEY_UIApplicationSupportsIndirectInputEvents = YES;
				INFOPLIST_KEY_UILaunchScreen_Generation = YES;
				INFOPLIST_KEY_UISupportedInterfaceOrientations_iPad = "UIInterfaceOrientationPortrait UIInterfaceOrientationPortraitUpsideDown UIInterfaceOrientationLandscapeLeft UIInterfaceOrientationLandscapeRight";
				INFOPLIST_KEY_UISupportedInterfaceOrientations_iPhone = "UIInterfaceOrientationPortrait UIInterfaceOrientationLandscapeLeft UIInterfaceOrientationLandscapeRight";
				LD_RUNPATH_SEARCH_PATHS = (
					"$(inherited)",
					"@executable_path/Frameworks",
				);
				MARKETING_VERSION = 1.0;
				PRODUCT_BUNDLE_IDENTIFIER = "seungwon.firestore-demo";
				PRODUCT_NAME = "$(TARGET_NAME)";
				SWIFT_EMIT_LOC_STRINGS = YES;
				SWIFT_VERSION = 5.0;
				TARGETED_DEVICE_FAMILY = "1,2";
			};
			name = Release;
		};
/* End XCBuildConfiguration section */

/* Begin XCConfigurationList section */
		3D9FDB14284F8329008E020F /* Build configuration list for PBXProject "firestore-demo" */ = {
			isa = XCConfigurationList;
			buildConfigurations = (
				3D9FDB25284F832B008E020F /* Debug */,
				3D9FDB26284F832B008E020F /* Release */,
			);
			defaultConfigurationIsVisible = 0;
			defaultConfigurationName = Release;
		};
		3D9FDB27284F832B008E020F /* Build configuration list for PBXNativeTarget "firestore-demo" */ = {
			isa = XCConfigurationList;
			buildConfigurations = (
				3D9FDB28284F832B008E020F /* Debug */,
				3D9FDB29284F832B008E020F /* Release */,
			);
			defaultConfigurationIsVisible = 0;
			defaultConfigurationName = Release;
		};
/* End XCConfigurationList section */

/* Begin XCRemoteSwiftPackageReference section */
		3D9FDB2C284F8580008E020F /* XCRemoteSwiftPackageReference "firebase-ios-sdk" */ = {
			isa = XCRemoteSwiftPackageReference;
			repositoryURL = "https://github.com/firebase/firebase-ios-sdk";
			requirement = {
				branch = master;
				kind = branch;
			};
		};
/* End XCRemoteSwiftPackageReference section */

/* Begin XCSwiftPackageProductDependency section */
		3D9FDB2D284F8580008E020F /* FirebaseFirestore */ = {
			isa = XCSwiftPackageProductDependency;
			package = 3D9FDB2C284F8580008E020F /* XCRemoteSwiftPackageReference "firebase-ios-sdk" */;
			productName = FirebaseFirestore;
		};
/* End XCSwiftPackageProductDependency section */
	};
	rootObject = 3D9FDB11284F8329008E020F /* Project object */;
}
